{
  "version": 4,
  "terraform_version": "1.9.2",
  "serial": 17,
  "lineage": "b0a797ca-13ad-eec6-f1b8-402910e4e5ac",
  "outputs": {},
  "resources": [
    {
      "mode": "managed",
      "type": "docker_image",
      "name": "ubuntu",
      "provider": "provider[\"registry.terraform.io/kreuzwerker/docker\"]",
      "instances": [
        {
          "schema_version": 0,
          "attributes": {
            "build": [],
            "force_remove": null,
            "id": "sha256:35a88802559dd2077e584394471ddaa1a2c5bfd16893b829ea57619301eb3908ubuntu:latest",
            "image_id": "sha256:35a88802559dd2077e584394471ddaa1a2c5bfd16893b829ea57619301eb3908",
            "keep_locally": false,
            "name": "ubuntu:latest",
            "platform": null,
            "pull_triggers": null,
            "repo_digest": "ubuntu@sha256:2e863c44b718727c860746568e1d54afd13b2fa71b160f5cd9058fc436217b30",
            "triggers": null
          },
          "sensitive_attributes": [],
          "private": "bnVsbA=="
        }
      ]
    }
  ],
  "check_results": null
}
